
Microsoft Visual Studio Solution File, Format Version 12.00
# Visual Studio Version 17
VisualStudioVersion = 17.6.33723.286
MinimumVisualStudioVersion = 10.0.40219.1
Project("{9A19103F-16F7-4668-BE54-9A1E7A4F7556}") = "MapiDotNetExtensionsLib", "MapiDotNetExtensionsLib\MapiDotNetExtensions.csproj", "{4A5CAC9F-264B-46CF-913B-78465F8B671F}"
EndProject
Project("{9A19103F-16F7-4668-BE54-9A1E7A4F7556}") = "MapiDotNetExtensions.Tests", "MapiDotNetExtensions.Tests\MapiDotNetExtensions.Tests.csproj", "{71AA4958-7B7E-40E1-AFC8-D8792659D503}"
EndProject
Global
	GlobalSection(SolutionConfigurationPlatforms) = preSolution
		Debug|Any CPU = Debug|Any CPU
		Release|Any CPU = Release|Any CPU
	EndGlobalSection
	GlobalSection(ProjectConfigurationPlatforms) = postSolution
		{4A5CAC9F-264B-46CF-913B-78465F8B671F}.Debug|Any CPU.ActiveCfg = Debug|Any CPU
		{4A5CAC9F-264B-46CF-913B-78465F8B671F}.Debug|Any CPU.Build.0 = Debug|Any CPU
		{4A5CAC9F-264B-46CF-913B-78465F8B671F}.Release|Any CPU.ActiveCfg = Release|Any CPU
		{4A5CAC9F-264B-46CF-913B-78465F8B671F}.Release|Any CPU.Build.0 = Release|Any CPU
		{71AA4958-7B7E-40E1-AFC8-D8792659D503}.Debug|Any CPU.ActiveCfg = Debug|Any CPU
		{71AA4958-7B7E-40E1-AFC8-D8792659D503}.Debug|Any CPU.Build.0 = Debug|Any CPU
		{71AA4958-7B7E-40E1-AFC8-D8792659D503}.Release|Any CPU.ActiveCfg = Release|Any CPU
		{71AA4958-7B7E-40E1-AFC8-D8792659D503}.Release|Any CPU.Build.0 = Release|Any CPU
	EndGlobalSection
	GlobalSection(SolutionProperties) = preSolution
		HideSolutionNode = FALSE
	EndGlobalSection
	GlobalSection(ExtensibilityGlobals) = postSolution
		SolutionGuid = {454037DC-6B6E-4ED1-A4A0-702176C3E2B7}
	EndGlobalSection
EndGlobal
